// !$*UTF8*$!
{
	archiveVersion = 1;
	classes = {
	};
	objectVersion = 56;
	objects = {

/* Begin PBXBuildFile section */
		EDB552E42E2259370001B905 /* Eventorias2App.swift in Sources */ = {isa = PBXBuildFile; fileRef = EDB552E32E2259370001B905 /* Eventorias2App.swift */; };
		EDB552E62E2259370001B905 /* ContentView.swift in Sources */ = {isa = PBXBuildFile; fileRef = EDB552E52E2259370001B905 /* ContentView.swift */; };
		EDB552E82E22593A0001B905 /* Assets.xcassets in Resources */ = {isa = PBXBuildFile; fileRef = EDB552E72E22593A0001B905 /* Assets.xcassets */; };
		EDB552EB2E22593A0001B905 /* Preview Assets.xcassets in Resources */ = {isa = PBXBuildFile; fileRef = EDB552EA2E22593A0001B905 /* Preview Assets.xcassets */; };
		EDB553192E22891A0001B905 /* GoogleService-Info.plist in Resources */ = {isa = PBXBuildFile; fileRef = EDB553182E22891A0001B905 /* GoogleService-Info.plist */; };
		EDB5531C2E228CAA0001B905 /* FirebaseAI in Frameworks */ = {isa = PBXBuildFile; productRef = EDB5531B2E228CAA0001B905 /* FirebaseAI */; };
		EDB5531E2E228CAA0001B905 /* FirebaseAnalytics in Frameworks */ = {isa = PBXBuildFile; productRef = EDB5531D2E228CAA0001B905 /* FirebaseAnalytics */; };
		EDB553202E228CAA0001B905 /* FirebaseAnalyticsCore in Frameworks */ = {isa = PBXBuildFile; productRef = EDB5531F2E228CAA0001B905 /* FirebaseAnalyticsCore */; };
		EDB553222E228CAA0001B905 /* FirebaseAnalyticsIdentitySupport in Frameworks */ = {isa = PBXBuildFile; productRef = EDB553212E228CAA0001B905 /* FirebaseAnalyticsIdentitySupport */; };
		EDB553242E228CAA0001B905 /* FirebaseAnalyticsOnDeviceConversion in Frameworks */ = {isa = PBXBuildFile; productRef = EDB553232E228CAA0001B905 /* FirebaseAnalyticsOnDeviceConversion */; };
		EDB553262E2296740001B905 /* AppDelegate.swift in Sources */ = {isa = PBXBuildFile; fileRef = EDB553252E2296740001B905 /* AppDelegate.swift */; };
		EDB553282E2299750001B905 /* User.swift in Sources */ = {isa = PBXBuildFile; fileRef = EDB553272E2299750001B905 /* User.swift */; };
		EDB5532B2E229AC10001B905 /* FirebaseAuth in Frameworks */ = {isa = PBXBuildFile; productRef = EDB5532A2E229AC10001B905 /* FirebaseAuth */; };
		EDB5532D2E229AC10001B905 /* FirebaseCore in Frameworks */ = {isa = PBXBuildFile; productRef = EDB5532C2E229AC10001B905 /* FirebaseCore */; };
		EDB5532F2E229AC10001B905 /* FirebaseFirestore in Frameworks */ = {isa = PBXBuildFile; productRef = EDB5532E2E229AC10001B905 /* FirebaseFirestore */; };
/* End PBXBuildFile section */

/* Begin PBXFileReference section */
		EDB552E02E2259370001B905 /* Eventorias2.app */ = {isa = PBXFileReference; explicitFileType = wrapper.application; includeInIndex = 0; path = Eventorias2.app; sourceTree = BUILT_PRODUCTS_DIR; };
		EDB552E32E2259370001B905 /* Eventorias2App.swift */ = {isa = PBXFileReference; lastKnownFileType = sourcecode.swift; path = Eventorias2App.swift; sourceTree = "<group>"; };
		EDB552E52E2259370001B905 /* ContentView.swift */ = {isa = PBXFileReference; lastKnownFileType = sourcecode.swift; path = ContentView.swift; sourceTree = "<group>"; };
		EDB552E72E22593A0001B905 /* Assets.xcassets */ = {isa = PBXFileReference; lastKnownFileType = folder.assetcatalog; path = Assets.xcassets; sourceTree = "<group>"; };
		EDB552EA2E22593A0001B905 /* Preview Assets.xcassets */ = {isa = PBXFileReference; lastKnownFileType = folder.assetcatalog; path = "Preview Assets.xcassets"; sourceTree = "<group>"; };
		EDB553182E22891A0001B905 /* GoogleService-Info.plist */ = {isa = PBXFileReference; fileEncoding = 4; lastKnownFileType = text.plist.xml; path = "GoogleService-Info.plist"; sourceTree = "<group>"; };
		EDB553252E2296740001B905 /* AppDelegate.swift */ = {isa = PBXFileReference; lastKnownFileType = sourcecode.swift; path = AppDelegate.swift; sourceTree = "<group>"; };
		EDB553272E2299750001B905 /* User.swift */ = {isa = PBXFileReference; lastKnownFileType = sourcecode.swift; path = User.swift; sourceTree = "<group>"; };
/* End PBXFileReference section */

/* Begin PBXFrameworksBuildPhase section */
		EDB552DD2E2259370001B905 /* Frameworks */ = {
			isa = PBXFrameworksBuildPhase;
			buildActionMask = 2147483647;
			files = (
				EDB553222E228CAA0001B905 /* FirebaseAnalyticsIdentitySupport in Frameworks */,
				EDB5532B2E229AC10001B905 /* FirebaseAuth in Frameworks */,
				EDB5531E2E228CAA0001B905 /* FirebaseAnalytics in Frameworks */,
				EDB553242E228CAA0001B905 /* FirebaseAnalyticsOnDeviceConversion in Frameworks */,
				EDB5532D2E229AC10001B905 /* FirebaseCore in Frameworks */,
				EDB5532F2E229AC10001B905 /* FirebaseFirestore in Frameworks */,
				EDB553202E228CAA0001B905 /* FirebaseAnalyticsCore in Frameworks */,
				EDB5531C2E228CAA0001B905 /* FirebaseAI in Frameworks */,
			);
			runOnlyForDeploymentPostprocessing = 0;
		};
/* End PBXFrameworksBuildPhase section */

/* Begin PBXGroup section */
		EDB552D72E2259370001B905 = {
			isa = PBXGroup;
			children = (
				EDB552E22E2259370001B905 /* Eventorias2 */,
				EDB552E12E2259370001B905 /* Products */,
				EDB553292E229AC10001B905 /* Frameworks */,
			);
			sourceTree = "<group>";
		};
		EDB552E12E2259370001B905 /* Products */ = {
			isa = PBXGroup;
			children = (
				EDB552E02E2259370001B905 /* Eventorias2.app */,
			);
			name = Products;
			sourceTree = "<group>";
		};
		EDB552E22E2259370001B905 /* Eventorias2 */ = {
			isa = PBXGroup;
			children = (
				EDB552F72E22814B0001B905 /* Sources */,
				EDB552F32E227E110001B905 /* Tests */,
				EDB552F42E227E180001B905 /* Ressources */,
				EDB552E52E2259370001B905 /* ContentView.swift */,
				EDB552E72E22593A0001B905 /* Assets.xcassets */,
				EDB552E92E22593A0001B905 /* Preview Content */,
			);
			path = Eventorias2;
			sourceTree = "<group>";
		};
		EDB552E92E22593A0001B905 /* Preview Content */ = {
			isa = PBXGroup;
			children = (
				EDB552EA2E22593A0001B905 /* Preview Assets.xcassets */,
			);
			path = "Preview Content";
			sourceTree = "<group>";
		};
		EDB552F12E227DF90001B905 /* App */ = {
			isa = PBXGroup;
			children = (
				EDB552E32E2259370001B905 /* Eventorias2App.swift */,
				EDB553252E2296740001B905 /* AppDelegate.swift */,
			);
			path = App;
			sourceTree = "<group>";
		};
		EDB552F32E227E110001B905 /* Tests */ = {
			isa = PBXGroup;
			children = (
			);
			path = Tests;
			sourceTree = "<group>";
		};
		EDB552F42E227E180001B905 /* Ressources */ = {
			isa = PBXGroup;
			children = (
				EDB553182E22891A0001B905 /* GoogleService-Info.plist */,
			);
			path = Ressources;
			sourceTree = "<group>";
		};
		EDB552F52E227E210001B905 /* Features */ = {
			isa = PBXGroup;
			children = (
				EDB552FA2E22820D0001B905 /* Authentication */,
				EDB552FD2E22823D0001B905 /* Events */,
				EDB552FC2E2282320001B905 /* Notifications */,
				EDB552FB2E2282230001B905 /* Sharing */,
			);
			path = Features;
			sourceTree = "<group>";
		};
		EDB552F62E227E2E0001B905 /* Core */ = {
			isa = PBXGroup;
			children = (
				EDB553122E2284080001B905 /* Models */,
				EDB553112E2284030001B905 /* Services */,
				EDB553102E2283F30001B905 /* Extensions */,
				EDB5530F2E2283E70001B905 /* Utilities */,
				EDB5530E2E2283E20001B905 /* Constants */,
			);
			path = Core;
			sourceTree = "<group>";
		};
		EDB552F72E22814B0001B905 /* Sources */ = {
			isa = PBXGroup;
			children = (
				EDB552F12E227DF90001B905 /* App */,
				EDB552F52E227E210001B905 /* Features */,
				EDB552F62E227E2E0001B905 /* Core */,
				EDB552F82E22815F0001B905 /* Navigation */,
				EDB552F92E2281650001B905 /* UI */,
			);
			path = Sources;
			sourceTree = "<group>";
		};
		EDB552F82E22815F0001B905 /* Navigation */ = {
			isa = PBXGroup;
			children = (
				EDB553142E2284760001B905 /* Coordinators */,
				EDB553132E2284690001B905 /* NavigationModels */,
			);
			path = Navigation;
			sourceTree = "<group>";
		};
		EDB552F92E2281650001B905 /* UI */ = {
			isa = PBXGroup;
			children = (
				EDB553172E2284A20001B905 /* Components */,
				EDB553162E22849B0001B905 /* Themes */,
				EDB553152E2284850001B905 /* Accessibility */,
			);
			path = UI;
			sourceTree = "<group>";
		};
		EDB552FA2E22820D0001B905 /* Authentication */ = {
			isa = PBXGroup;
			children = (
				EDB552FE2E22825E0001B905 /* Models */,
				EDB553002E2282A70001B905 /* Views */,
				EDB552FF2E2282730001B905 /* ViewModels */,
				EDB553012E2282B10001B905 /* Services */,
			);
			path = Authentication;
			sourceTree = "<group>";
		};
		EDB552FB2E2282230001B905 /* Sharing */ = {
			isa = PBXGroup;
			children = (
				EDB5530D2E2283780001B905 /* Models */,
				EDB5530C2E2283740001B905 /* Views */,
				EDB5530B2E22836D0001B905 /* ViewModels */,
				EDB5530A2E2283670001B905 /* Services */,
			);
			path = Sharing;
			sourceTree = "<group>";
		};
		EDB552FC2E2282320001B905 /* Notifications */ = {
			isa = PBXGroup;
			children = (
				EDB553092E2283550001B905 /* Models */,
				EDB553082E2283510001B905 /* Views */,
				EDB553072E2283490001B905 /* ViewModels */,
				EDB553062E2283440001B905 /* Services */,
			);
			path = Notifications;
			sourceTree = "<group>";
		};
		EDB552FD2E22823D0001B905 /* Events */ = {
			isa = PBXGroup;
			children = (
				EDB553052E2283390001B905 /* Models */,
				EDB553042E2283340001B905 /* Views */,
				EDB553032E22832B0001B905 /* ViewModel */,
				EDB553022E2283230001B905 /* Services */,
			);
			path = Events;
			sourceTree = "<group>";
		};
		EDB552FE2E22825E0001B905 /* Models */ = {
			isa = PBXGroup;
			children = (
				EDB553272E2299750001B905 /* User.swift */,
			);
			path = Models;
			sourceTree = "<group>";
		};
		EDB552FF2E2282730001B905 /* ViewModels */ = {
			isa = PBXGroup;
			children = (
			);
			path = ViewModels;
			sourceTree = "<group>";
		};
		EDB553002E2282A70001B905 /* Views */ = {
			isa = PBXGroup;
			children = (
			);
			path = Views;
			sourceTree = "<group>";
		};
		EDB553012E2282B10001B905 /* Services */ = {
			isa = PBXGroup;
			children = (
			);
			path = Services;
			sourceTree = "<group>";
		};
		EDB553022E2283230001B905 /* Services */ = {
			isa = PBXGroup;
			children = (
			);
			path = Services;
			sourceTree = "<group>";
		};
		EDB553032E22832B0001B905 /* ViewModel */ = {
			isa = PBXGroup;
			children = (
			);
			path = ViewModel;
			sourceTree = "<group>";
		};
		EDB553042E2283340001B905 /* Views */ = {
			isa = PBXGroup;
			children = (
			);
			path = Views;
			sourceTree = "<group>";
		};
		EDB553052E2283390001B905 /* Models */ = {
			isa = PBXGroup;
			children = (
			);
			path = Models;
			sourceTree = "<group>";
		};
		EDB553062E2283440001B905 /* Services */ = {
			isa = PBXGroup;
			children = (
			);
			path = Services;
			sourceTree = "<group>";
		};
		EDB553072E2283490001B905 /* ViewModels */ = {
			isa = PBXGroup;
			children = (
			);
			path = ViewModels;
			sourceTree = "<group>";
		};
		EDB553082E2283510001B905 /* Views */ = {
			isa = PBXGroup;
			children = (
			);
			path = Views;
			sourceTree = "<group>";
		};
		EDB553092E2283550001B905 /* Models */ = {
			isa = PBXGroup;
			children = (
			);
			path = Models;
			sourceTree = "<group>";
		};
		EDB5530A2E2283670001B905 /* Services */ = {
			isa = PBXGroup;
			children = (
			);
			path = Services;
			sourceTree = "<group>";
		};
		EDB5530B2E22836D0001B905 /* ViewModels */ = {
			isa = PBXGroup;
			children = (
			);
			path = ViewModels;
			sourceTree = "<group>";
		};
		EDB5530C2E2283740001B905 /* Views */ = {
			isa = PBXGroup;
			children = (
			);
			path = Views;
			sourceTree = "<group>";
		};
		EDB5530D2E2283780001B905 /* Models */ = {
			isa = PBXGroup;
			children = (
			);
			path = Models;
			sourceTree = "<group>";
		};
		EDB5530E2E2283E20001B905 /* Constants */ = {
			isa = PBXGroup;
			children = (
			);
			path = Constants;
			sourceTree = "<group>";
		};
		EDB5530F2E2283E70001B905 /* Utilities */ = {
			isa = PBXGroup;
			children = (
			);
			path = Utilities;
			sourceTree = "<group>";
		};
		EDB553102E2283F30001B905 /* Extensions */ = {
			isa = PBXGroup;
			children = (
			);
			path = Extensions;
			sourceTree = "<group>";
		};
		EDB553112E2284030001B905 /* Services */ = {
			isa = PBXGroup;
			children = (
			);
			path = Services;
			sourceTree = "<group>";
		};
		EDB553122E2284080001B905 /* Models */ = {
			isa = PBXGroup;
			children = (
			);
			path = Models;
			sourceTree = "<group>";
		};
		EDB553132E2284690001B905 /* NavigationModels */ = {
			isa = PBXGroup;
			children = (
			);
			path = NavigationModels;
			sourceTree = "<group>";
		};
		EDB553142E2284760001B905 /* Coordinators */ = {
			isa = PBXGroup;
			children = (
			);
			path = Coordinators;
			sourceTree = "<group>";
		};
		EDB553152E2284850001B905 /* Accessibility */ = {
			isa = PBXGroup;
			children = (
			);
			path = Accessibility;
			sourceTree = "<group>";
		};
		EDB553162E22849B0001B905 /* Themes */ = {
			isa = PBXGroup;
			children = (
			);
			path = Themes;
			sourceTree = "<group>";
		};
		EDB553172E2284A20001B905 /* Components */ = {
			isa = PBXGroup;
			children = (
			);
			path = Components;
			sourceTree = "<group>";
		};
		EDB553292E229AC10001B905 /* Frameworks */ = {
			isa = PBXGroup;
			children = (
			);
			name = Frameworks;
			sourceTree = "<group>";
		};
/* End PBXGroup section */

/* Begin PBXNativeTarget section */
		EDB552DF2E2259370001B905 /* Eventorias2 */ = {
			isa = PBXNativeTarget;
			buildConfigurationList = EDB552EE2E22593A0001B905 /* Build configuration list for PBXNativeTarget "Eventorias2" */;
			buildPhases = (
				EDB552DC2E2259370001B905 /* Sources */,
				EDB552DD2E2259370001B905 /* Frameworks */,
				EDB552DE2E2259370001B905 /* Resources */,
			);
			buildRules = (
			);
			dependencies = (
			);
			name = Eventorias2;
			packageProductDependencies = (
				EDB5531B2E228CAA0001B905 /* FirebaseAI */,
				EDB5531D2E228CAA0001B905 /* FirebaseAnalytics */,
				EDB5531F2E228CAA0001B905 /* FirebaseAnalyticsCore */,
				EDB553212E228CAA0001B905 /* FirebaseAnalyticsIdentitySupport */,
				EDB553232E228CAA0001B905 /* FirebaseAnalyticsOnDeviceConversion */,
				EDB5532A2E229AC10001B905 /* FirebaseAuth */,
				EDB5532C2E229AC10001B905 /* FirebaseCore */,
				EDB5532E2E229AC10001B905 /* FirebaseFirestore */,
			);
			productName = Eventorias2;
			productReference = EDB552E02E2259370001B905 /* Eventorias2.app */;
			productType = "com.apple.product-type.application";
		};
/* End PBXNativeTarget section */

/* Begin PBXProject section */
		EDB552D82E2259370001B905 /* Project object */ = {
			isa = PBXProject;
			attributes = {
				BuildIndependentTargetsInParallel = 1;
				LastSwiftUpdateCheck = 1520;
				LastUpgradeCheck = 1520;
				TargetAttributes = {
					EDB552DF2E2259370001B905 = {
						CreatedOnToolsVersion = 15.2;
					};
				};
			};
			buildConfigurationList = EDB552DB2E2259370001B905 /* Build configuration list for PBXProject "Eventorias2" */;
			compatibilityVersion = "Xcode 14.0";
			developmentRegion = en;
			hasScannedForEncodings = 0;
			knownRegions = (
				en,
				Base,
			);
			mainGroup = EDB552D72E2259370001B905;
			packageReferences = (
				EDB5531A2E228CAA0001B905 /* XCRemoteSwiftPackageReference "firebase-ios-sdk" */,
			);
			productRefGroup = EDB552E12E2259370001B905 /* Products */;
			projectDirPath = "";
			projectRoot = "";
			targets = (
				EDB552DF2E2259370001B905 /* Eventorias2 */,
			);
		};
/* End PBXProject section */

/* Begin PBXResourcesBuildPhase section */
		EDB552DE2E2259370001B905 /* Resources */ = {
			isa = PBXResourcesBuildPhase;
			buildActionMask = 2147483647;
			files = (
				EDB552EB2E22593A0001B905 /* Preview Assets.xcassets in Resources */,
				EDB553192E22891A0001B905 /* GoogleService-Info.plist in Resources */,
				EDB552E82E22593A0001B905 /* Assets.xcassets in Resources */,
			);
			runOnlyForDeploymentPostprocessing = 0;
		};
/* End PBXResourcesBuildPhase section */

/* Begin PBXSourcesBuildPhase section */
		EDB552DC2E2259370001B905 /* Sources */ = {
			isa = PBXSourcesBuildPhase;
			buildActionMask = 2147483647;
			files = (
				EDB553282E2299750001B905 /* User.swift in Sources */,
				EDB553262E2296740001B905 /* AppDelegate.swift in Sources */,
				EDB552E62E2259370001B905 /* ContentView.swift in Sources */,
				EDB552E42E2259370001B905 /* Eventorias2App.swift in Sources */,
			);
			runOnlyForDeploymentPostprocessing = 0;
		};
/* End PBXSourcesBuildPhase section */

/* Begin XCBuildConfiguration section */
		EDB552EC2E22593A0001B905 /* Debug */ = {
			isa = XCBuildConfiguration;
			buildSettings = {
				ALWAYS_SEARCH_USER_PATHS = NO;
				ASSETCATALOG_COMPILER_GENERATE_SWIFT_ASSET_SYMBOL_EXTENSIONS = YES;
				CLANG_ANALYZER_NONNULL = YES;
				CLANG_ANALYZER_NUMBER_OBJECT_CONVERSION = YES_AGGRESSIVE;
				CLANG_CXX_LANGUAGE_STANDARD = "gnu++20";
				CLANG_ENABLE_MODULES = YES;
				CLANG_ENABLE_OBJC_ARC = YES;
				CLANG_ENABLE_OBJC_WEAK = YES;
				CLANG_WARN_BLOCK_CAPTURE_AUTORELEASING = YES;
				CLANG_WARN_BOOL_CONVERSION = YES;
				CLANG_WARN_COMMA = YES;
				CLANG_WARN_CONSTANT_CONVERSION = YES;
				CLANG_WARN_DEPRECATED_OBJC_IMPLEMENTATIONS = YES;
				CLANG_WARN_DIRECT_OBJC_ISA_USAGE = YES_ERROR;
				CLANG_WARN_DOCUMENTATION_COMMENTS = YES;
				CLANG_WARN_EMPTY_BODY = YES;
				CLANG_WARN_ENUM_CONVERSION = YES;
				CLANG_WARN_INFINITE_RECURSION = YES;
				CLANG_WARN_INT_CONVERSION = YES;
				CLANG_WARN_NON_LITERAL_NULL_CONVERSION = YES;
				CLANG_WARN_OBJC_IMPLICIT_RETAIN_SELF = YES;
				CLANG_WARN_OBJC_LITERAL_CONVERSION = YES;
				CLANG_WARN_OBJC_ROOT_CLASS = YES_ERROR;
				CLANG_WARN_QUOTED_INCLUDE_IN_FRAMEWORK_HEADER = YES;
				CLANG_WARN_RANGE_LOOP_ANALYSIS = YES;
				CLANG_WARN_STRICT_PROTOTYPES = YES;
				CLANG_WARN_SUSPICIOUS_MOVE = YES;
				CLANG_WARN_UNGUARDED_AVAILABILITY = YES_AGGRESSIVE;
				CLANG_WARN_UNREACHABLE_CODE = YES;
				CLANG_WARN__DUPLICATE_METHOD_MATCH = YES;
				COPY_PHASE_STRIP = NO;
				DEBUG_INFORMATION_FORMAT = dwarf;
				ENABLE_STRICT_OBJC_MSGSEND = YES;
				ENABLE_TESTABILITY = YES;
				ENABLE_USER_SCRIPT_SANDBOXING = YES;
				GCC_C_LANGUAGE_STANDARD = gnu17;
				GCC_DYNAMIC_NO_PIC = NO;
				GCC_NO_COMMON_BLOCKS = YES;
				GCC_OPTIMIZATION_LEVEL = 0;
				GCC_PREPROCESSOR_DEFINITIONS = (
					"DEBUG=1",
					"$(inherited)",
				);
				GCC_WARN_64_TO_32_BIT_CONVERSION = YES;
				GCC_WARN_ABOUT_RETURN_TYPE = YES_ERROR;
				GCC_WARN_UNDECLARED_SELECTOR = YES;
				GCC_WARN_UNINITIALIZED_AUTOS = YES_AGGRESSIVE;
				GCC_WARN_UNUSED_FUNCTION = YES;
				GCC_WARN_UNUSED_VARIABLE = YES;
				IPHONEOS_DEPLOYMENT_TARGET = 17.2;
				LOCALIZATION_PREFERS_STRING_CATALOGS = YES;
				MTL_ENABLE_DEBUG_INFO = INCLUDE_SOURCE;
				MTL_FAST_MATH = YES;
				ONLY_ACTIVE_ARCH = YES;
				SDKROOT = iphoneos;
				SWIFT_ACTIVE_COMPILATION_CONDITIONS = "DEBUG $(inherited)";
				SWIFT_OPTIMIZATION_LEVEL = "-Onone";
			};
			name = Debug;
		};
		EDB552ED2E22593A0001B905 /* Release */ = {
			isa = XCBuildConfiguration;
			buildSettings = {
				ALWAYS_SEARCH_USER_PATHS = NO;
				ASSETCATALOG_COMPILER_GENERATE_SWIFT_ASSET_SYMBOL_EXTENSIONS = YES;
				CLANG_ANALYZER_NONNULL = YES;
				CLANG_ANALYZER_NUMBER_OBJECT_CONVERSION = YES_AGGRESSIVE;
				CLANG_CXX_LANGUAGE_STANDARD = "gnu++20";
				CLANG_ENABLE_MODULES = YES;
				CLANG_ENABLE_OBJC_ARC = YES;
				CLANG_ENABLE_OBJC_WEAK = YES;
				CLANG_WARN_BLOCK_CAPTURE_AUTORELEASING = YES;
				CLANG_WARN_BOOL_CONVERSION = YES;
				CLANG_WARN_COMMA = YES;
				CLANG_WARN_CONSTANT_CONVERSION = YES;
				CLANG_WARN_DEPRECATED_OBJC_IMPLEMENTATIONS = YES;
				CLANG_WARN_DIRECT_OBJC_ISA_USAGE = YES_ERROR;
				CLANG_WARN_DOCUMENTATION_COMMENTS = YES;
				CLANG_WARN_EMPTY_BODY = YES;
				CLANG_WARN_ENUM_CONVERSION = YES;
				CLANG_WARN_INFINITE_RECURSION = YES;
				CLANG_WARN_INT_CONVERSION = YES;
				CLANG_WARN_NON_LITERAL_NULL_CONVERSION = YES;
				CLANG_WARN_OBJC_IMPLICIT_RETAIN_SELF = YES;
				CLANG_WARN_OBJC_LITERAL_CONVERSION = YES;
				CLANG_WARN_OBJC_ROOT_CLASS = YES_ERROR;
				CLANG_WARN_QUOTED_INCLUDE_IN_FRAMEWORK_HEADER = YES;
				CLANG_WARN_RANGE_LOOP_ANALYSIS = YES;
				CLANG_WARN_STRICT_PROTOTYPES = YES;
				CLANG_WARN_SUSPICIOUS_MOVE = YES;
				CLANG_WARN_UNGUARDED_AVAILABILITY = YES_AGGRESSIVE;
				CLANG_WARN_UNREACHABLE_CODE = YES;
				CLANG_WARN__DUPLICATE_METHOD_MATCH = YES;
				COPY_PHASE_STRIP = NO;
				DEBUG_INFORMATION_FORMAT = "dwarf-with-dsym";
				ENABLE_NS_ASSERTIONS = NO;
				ENABLE_STRICT_OBJC_MSGSEND = YES;
				ENABLE_USER_SCRIPT_SANDBOXING = YES;
				GCC_C_LANGUAGE_STANDARD = gnu17;
				GCC_NO_COMMON_BLOCKS = YES;
				GCC_WARN_64_TO_32_BIT_CONVERSION = YES;
				GCC_WARN_ABOUT_RETURN_TYPE = YES_ERROR;
				GCC_WARN_UNDECLARED_SELECTOR = YES;
				GCC_WARN_UNINITIALIZED_AUTOS = YES_AGGRESSIVE;
				GCC_WARN_UNUSED_FUNCTION = YES;
				GCC_WARN_UNUSED_VARIABLE = YES;
				IPHONEOS_DEPLOYMENT_TARGET = 17.2;
				LOCALIZATION_PREFERS_STRING_CATALOGS = YES;
				MTL_ENABLE_DEBUG_INFO = NO;
				MTL_FAST_MATH = YES;
				SDKROOT = iphoneos;
				SWIFT_COMPILATION_MODE = wholemodule;
				VALIDATE_PRODUCT = YES;
			};
			name = Release;
		};
		EDB552EF2E22593A0001B905 /* Debug */ = {
			isa = XCBuildConfiguration;
			buildSettings = {
				ASSETCATALOG_COMPILER_APPICON_NAME = AppIcon;
				ASSETCATALOG_COMPILER_GLOBAL_ACCENT_COLOR_NAME = AccentColor;
				CODE_SIGN_STYLE = Automatic;
				CURRENT_PROJECT_VERSION = 1;
				DEVELOPMENT_ASSET_PATHS = "\"Eventorias2/Preview Content\"";
				DEVELOPMENT_TEAM = YB7MLZ84DZ;
				ENABLE_PREVIEWS = YES;
				GENERATE_INFOPLIST_FILE = YES;
				INFOPLIST_KEY_UIApplicationSceneManifest_Generation = YES;
				INFOPLIST_KEY_UIApplicationSupportsIndirectInputEvents = YES;
				INFOPLIST_KEY_UILaunchScreen_Generation = YES;
				INFOPLIST_KEY_UISupportedInterfaceOrientations_iPad = "UIInterfaceOrientationPortrait UIInterfaceOrientationPortraitUpsideDown UIInterfaceOrientationLandscapeLeft UIInterfaceOrientationLandscapeRight";
				INFOPLIST_KEY_UISupportedInterfaceOrientations_iPhone = "UIInterfaceOrientationPortrait UIInterfaceOrientationLandscapeLeft UIInterfaceOrientationLandscapeRight";
				LD_RUNPATH_SEARCH_PATHS = (
					"$(inherited)",
					"@executable_path/Frameworks",
				);
				MARKETING_VERSION = 1.0;
				PRODUCT_BUNDLE_IDENTIFIER = alassane.der.Eventorias2;
				PRODUCT_NAME = "$(TARGET_NAME)";
				SUPPORTED_PLATFORMS = "iphoneos iphonesimulator";
				SUPPORTS_MACCATALYST = NO;
				SUPPORTS_MAC_DESIGNED_FOR_IPHONE_IPAD = NO;
				SUPPORTS_XR_DESIGNED_FOR_IPHONE_IPAD = NO;
				SWIFT_EMIT_LOC_STRINGS = YES;
				SWIFT_VERSION = 5.0;
				TARGETED_DEVICE_FAMILY = "1,2";
			};
			name = Debug;
		};
		EDB552F02E22593A0001B905 /* Release */ = {
			isa = XCBuildConfiguration;
			buildSettings = {
				ASSETCATALOG_COMPILER_APPICON_NAME = AppIcon;
				ASSETCATALOG_COMPILER_GLOBAL_ACCENT_COLOR_NAME = AccentColor;
				CODE_SIGN_STYLE = Automatic;
				CURRENT_PROJECT_VERSION = 1;
				DEVELOPMENT_ASSET_PATHS = "\"Eventorias2/Preview Content\"";
				DEVELOPMENT_TEAM = YB7MLZ84DZ;
				ENABLE_PREVIEWS = YES;
				GENERATE_INFOPLIST_FILE = YES;
				INFOPLIST_KEY_UIApplicationSceneManifest_Generation = YES;
				INFOPLIST_KEY_UIApplicationSupportsIndirectInputEvents = YES;
				INFOPLIST_KEY_UILaunchScreen_Generation = YES;
				INFOPLIST_KEY_UISupportedInterfaceOrientations_iPad = "UIInterfaceOrientationPortrait UIInterfaceOrientationPortraitUpsideDown UIInterfaceOrientationLandscapeLeft UIInterfaceOrientationLandscapeRight";
				INFOPLIST_KEY_UISupportedInterfaceOrientations_iPhone = "UIInterfaceOrientationPortrait UIInterfaceOrientationLandscapeLeft UIInterfaceOrientationLandscapeRight";
				LD_RUNPATH_SEARCH_PATHS = (
					"$(inherited)",
					"@executable_path/Frameworks",
				);
				MARKETING_VERSION = 1.0;
				PRODUCT_BUNDLE_IDENTIFIER = alassane.der.Eventorias2;
				PRODUCT_NAME = "$(TARGET_NAME)";
				SUPPORTED_PLATFORMS = "iphoneos iphonesimulator";
				SUPPORTS_MACCATALYST = NO;
				SUPPORTS_MAC_DESIGNED_FOR_IPHONE_IPAD = NO;
				SUPPORTS_XR_DESIGNED_FOR_IPHONE_IPAD = NO;
				SWIFT_EMIT_LOC_STRINGS = YES;
				SWIFT_VERSION = 5.0;
				TARGETED_DEVICE_FAMILY = "1,2";
			};
			name = Release;
		};
/* End XCBuildConfiguration section */

/* Begin XCConfigurationList section */
		EDB552DB2E2259370001B905 /* Build configuration list for PBXProject "Eventorias2" */ = {
			isa = XCConfigurationList;
			buildConfigurations = (
				EDB552EC2E22593A0001B905 /* Debug */,
				EDB552ED2E22593A0001B905 /* Release */,
			);
			defaultConfigurationIsVisible = 0;
			defaultConfigurationName = Release;
		};
		EDB552EE2E22593A0001B905 /* Build configuration list for PBXNativeTarget "Eventorias2" */ = {
			isa = XCConfigurationList;
			buildConfigurations = (
				EDB552EF2E22593A0001B905 /* Debug */,
				EDB552F02E22593A0001B905 /* Release */,
			);
			defaultConfigurationIsVisible = 0;
			defaultConfigurationName = Release;
		};
/* End XCConfigurationList section */

/* Begin XCRemoteSwiftPackageReference section */
		EDB5531A2E228CAA0001B905 /* XCRemoteSwiftPackageReference "firebase-ios-sdk" */ = {
			isa = XCRemoteSwiftPackageReference;
			repositoryURL = "https://github.com/firebase/firebase-ios-sdk.git";
			requirement = {
				kind = exactVersion;
				version = 11.10.0;
			};
		};
/* End XCRemoteSwiftPackageReference section */

/* Begin XCSwiftPackageProductDependency section */
		EDB5531B2E228CAA0001B905 /* FirebaseAI */ = {
			isa = XCSwiftPackageProductDependency;
			package = EDB5531A2E228CAA0001B905 /* XCRemoteSwiftPackageReference "firebase-ios-sdk" */;
			productName = FirebaseAI;
		};
		EDB5531D2E228CAA0001B905 /* FirebaseAnalytics */ = {
			isa = XCSwiftPackageProductDependency;
			package = EDB5531A2E228CAA0001B905 /* XCRemoteSwiftPackageReference "firebase-ios-sdk" */;
			productName = FirebaseAnalytics;
		};
		EDB5531F2E228CAA0001B905 /* FirebaseAnalyticsCore */ = {
			isa = XCSwiftPackageProductDependency;
			package = EDB5531A2E228CAA0001B905 /* XCRemoteSwiftPackageReference "firebase-ios-sdk" */;
			productName = FirebaseAnalyticsCore;
		};
		EDB553212E228CAA0001B905 /* FirebaseAnalyticsIdentitySupport */ = {
			isa = XCSwiftPackageProductDependency;
			package = EDB5531A2E228CAA0001B905 /* XCRemoteSwiftPackageReference "firebase-ios-sdk" */;
			productName = FirebaseAnalyticsIdentitySupport;
		};
		EDB553232E228CAA0001B905 /* FirebaseAnalyticsOnDeviceConversion */ = {
			isa = XCSwiftPackageProductDependency;
			package = EDB5531A2E228CAA0001B905 /* XCRemoteSwiftPackageReference "firebase-ios-sdk" */;
			productName = FirebaseAnalyticsOnDeviceConversion;
		};
		EDB5532A2E229AC10001B905 /* FirebaseAuth */ = {
			isa = XCSwiftPackageProductDependency;
			package = EDB5531A2E228CAA0001B905 /* XCRemoteSwiftPackageReference "firebase-ios-sdk" */;
			productName = FirebaseAuth;
		};
		EDB5532C2E229AC10001B905 /* FirebaseCore */ = {
			isa = XCSwiftPackageProductDependency;
			package = EDB5531A2E228CAA0001B905 /* XCRemoteSwiftPackageReference "firebase-ios-sdk" */;
			productName = FirebaseCore;
		};
		EDB5532E2E229AC10001B905 /* FirebaseFirestore */ = {
			isa = XCSwiftPackageProductDependency;
			package = EDB5531A2E228CAA0001B905 /* XCRemoteSwiftPackageReference "firebase-ios-sdk" */;
			productName = FirebaseFirestore;
		};
/* End XCSwiftPackageProductDependency section */
	};
	rootObject = EDB552D82E2259370001B905 /* Project object */;
}
