// !$*UTF8*$!
{
	archiveVersion = 1;
	classes = {
	};
	objectVersion = 56;
	objects = {

/* Begin PBXBuildFile section */
		ED45DE382E256F2500ED55E6 /* AuthErrors.swift in Sources */ = {isa = PBXBuildFile; fileRef = ED45DE372E256F2500ED55E6 /* AuthErrors.swift */; };
		ED5170D42E26B5B100E697CD /* FirebaseStorage in Frameworks */ = {isa = PBXBuildFile; productRef = ED5170D32E26B5B100E697CD /* FirebaseStorage */; };
		ED5170D92E26BD2600E697CD /* SignUpViewModel.swift in Sources */ = {isa = PBXBuildFile; fileRef = ED5170D82E26BD2600E697CD /* SignUpViewModel.swift */; };
		ED5170DC2E26BD8F00E697CD /* String+Validation.swift in Sources */ = {isa = PBXBuildFile; fileRef = ED5170DB2E26BD8F00E697CD /* String+Validation.swift */; };
		ED5170DE2E26BDE000E697CD /* Color+Extension.swift in Sources */ = {isa = PBXBuildFile; fileRef = ED5170DD2E26BDE000E697CD /* Color+Extension.swift */; };
		ED5170E02E26D43000E697CD /* SignUpView3.swift in Sources */ = {isa = PBXBuildFile; fileRef = ED5170DF2E26D43000E697CD /* SignUpView3.swift */; };
		ED5170E22E26DAA500E697CD /* Localizable.xcstrings in Resources */ = {isa = PBXBuildFile; fileRef = ED5170E12E26DAA500E697CD /* Localizable.xcstrings */; };
		ED5170E52E26DB3B00E697CD /* SessionManager.swift in Sources */ = {isa = PBXBuildFile; fileRef = ED5170E42E26DB3B00E697CD /* SessionManager.swift */; };
		ED5170E72E26E24D00E697CD /* NavigationCoordinator.swift in Sources */ = {isa = PBXBuildFile; fileRef = ED5170E62E26E24D00E697CD /* NavigationCoordinator.swift */; };
		ED5170E92E26E58B00E697CD /* Route.swift in Sources */ = {isa = PBXBuildFile; fileRef = ED5170E82E26E58B00E697CD /* Route.swift */; };
		ED5170EB2E26EC3200E697CD /* RootView.swift in Sources */ = {isa = PBXBuildFile; fileRef = ED5170EA2E26EC3200E697CD /* RootView.swift */; };
		ED5170ED2E26F07D00E697CD /* SignInViewModel.swift in Sources */ = {isa = PBXBuildFile; fileRef = ED5170EC2E26F07D00E697CD /* SignInViewModel.swift */; };
		ED5170EF2E26F10400E697CD /* EventListView.swift in Sources */ = {isa = PBXBuildFile; fileRef = ED5170EE2E26F10400E697CD /* EventListView.swift */; };
		ED5170F12E26F11F00E697CD /* EventListViewModel.swift in Sources */ = {isa = PBXBuildFile; fileRef = ED5170F02E26F11F00E697CD /* EventListViewModel.swift */; };
		ED5170F32E26F1B700E697CD /* SignInView3.swift in Sources */ = {isa = PBXBuildFile; fileRef = ED5170F22E26F1B700E697CD /* SignInView3.swift */; };
		ED86673C2E280DFB00D2CFFE /* DependencyContainer.swift in Sources */ = {isa = PBXBuildFile; fileRef = ED86673B2E280DFB00D2CFFE /* DependencyContainer.swift */; };
		ED86673E2E298D9300D2CFFE /* GoogleService-Info.plist in Resources */ = {isa = PBXBuildFile; fileRef = ED86673D2E298D9300D2CFFE /* GoogleService-Info.plist */; };
		ED8667412E29A28800D2CFFE /* Inter-Regular.ttf in Resources */ = {isa = PBXBuildFile; fileRef = ED8667402E29A28800D2CFFE /* Inter-Regular.ttf */; };
		ED8667432E29A29700D2CFFE /* Inter-SemiBold.ttf in Resources */ = {isa = PBXBuildFile; fileRef = ED8667422E29A29700D2CFFE /* Inter-SemiBold.ttf */; };
		ED8667482E2A70C700D2CFFE /* IconTextField.swift in Sources */ = {isa = PBXBuildFile; fileRef = ED8667472E2A70C700D2CFFE /* IconTextField.swift */; };
		ED86674A2E2A714900D2CFFE /* AuthSymbols.swift in Sources */ = {isa = PBXBuildFile; fileRef = ED8667492E2A714900D2CFFE /* AuthSymbols.swift */; };
		ED86674C2E2A71B300D2CFFE /* SecureToggleField.swift in Sources */ = {isa = PBXBuildFile; fileRef = ED86674B2E2A71B300D2CFFE /* SecureToggleField.swift */; };
		ED86674E2E2A722F00D2CFFE /* BottomAuthPrompt.swift in Sources */ = {isa = PBXBuildFile; fileRef = ED86674D2E2A722F00D2CFFE /* BottomAuthPrompt.swift */; };
		ED8667502E2A727200D2CFFE /* AuthButtonLabel.swift in Sources */ = {isa = PBXBuildFile; fileRef = ED86674F2E2A727200D2CFFE /* AuthButtonLabel.swift */; };
		ED8667522E2A72BB00D2CFFE /* SignInView.swift in Sources */ = {isa = PBXBuildFile; fileRef = ED8667512E2A72BB00D2CFFE /* SignInView.swift */; };
		ED8667542E2A776700D2CFFE /* SignUpView.swift in Sources */ = {isa = PBXBuildFile; fileRef = ED8667532E2A776700D2CFFE /* SignUpView.swift */; };
		EDB552E42E2259370001B905 /* Eventorias2App.swift in Sources */ = {isa = PBXBuildFile; fileRef = EDB552E32E2259370001B905 /* Eventorias2App.swift */; };
		EDB552E62E2259370001B905 /* MainView.swift in Sources */ = {isa = PBXBuildFile; fileRef = EDB552E52E2259370001B905 /* MainView.swift */; };
		EDB552E82E22593A0001B905 /* Assets.xcassets in Resources */ = {isa = PBXBuildFile; fileRef = EDB552E72E22593A0001B905 /* Assets.xcassets */; };
		EDB552EB2E22593A0001B905 /* Preview Assets.xcassets in Resources */ = {isa = PBXBuildFile; fileRef = EDB552EA2E22593A0001B905 /* Preview Assets.xcassets */; };
		EDB553262E2296740001B905 /* AppDelegate.swift in Sources */ = {isa = PBXBuildFile; fileRef = EDB553252E2296740001B905 /* AppDelegate.swift */; };
		EDB553282E2299750001B905 /* User.swift in Sources */ = {isa = PBXBuildFile; fileRef = EDB553272E2299750001B905 /* User.swift */; };
		EDB5532B2E229AC10001B905 /* FirebaseAuth in Frameworks */ = {isa = PBXBuildFile; productRef = EDB5532A2E229AC10001B905 /* FirebaseAuth */; };
		EDB5532F2E229AC10001B905 /* FirebaseFirestore in Frameworks */ = {isa = PBXBuildFile; productRef = EDB5532E2E229AC10001B905 /* FirebaseFirestore */; };
		EDB553312E22DF340001B905 /* AuthServiceProtocol.swift in Sources */ = {isa = PBXBuildFile; fileRef = EDB553302E22DF340001B905 /* AuthServiceProtocol.swift */; };
		EDB553332E22E1B70001B905 /* UserProfileServiceProtocol.swift in Sources */ = {isa = PBXBuildFile; fileRef = EDB553322E22E1B70001B905 /* UserProfileServiceProtocol.swift */; };
		EDB553352E22E3BD0001B905 /* AuthService.swift in Sources */ = {isa = PBXBuildFile; fileRef = EDB553342E22E3BD0001B905 /* AuthService.swift */; };
		EDB553372E22F7FC0001B905 /* UserProfileService.swift in Sources */ = {isa = PBXBuildFile; fileRef = EDB553362E22F7FC0001B905 /* UserProfileService.swift */; };
/* End PBXBuildFile section */

/* Begin PBXFileReference section */
		ED45DE372E256F2500ED55E6 /* AuthErrors.swift */ = {isa = PBXFileReference; lastKnownFileType = sourcecode.swift; path = AuthErrors.swift; sourceTree = "<group>"; };
		ED5170D82E26BD2600E697CD /* SignUpViewModel.swift */ = {isa = PBXFileReference; lastKnownFileType = sourcecode.swift; path = SignUpViewModel.swift; sourceTree = "<group>"; };
		ED5170DB2E26BD8F00E697CD /* String+Validation.swift */ = {isa = PBXFileReference; lastKnownFileType = sourcecode.swift; path = "String+Validation.swift"; sourceTree = "<group>"; };
		ED5170DD2E26BDE000E697CD /* Color+Extension.swift */ = {isa = PBXFileReference; lastKnownFileType = sourcecode.swift; path = "Color+Extension.swift"; sourceTree = "<group>"; };
		ED5170DF2E26D43000E697CD /* SignUpView3.swift */ = {isa = PBXFileReference; lastKnownFileType = sourcecode.swift; path = SignUpView3.swift; sourceTree = "<group>"; };
		ED5170E12E26DAA500E697CD /* Localizable.xcstrings */ = {isa = PBXFileReference; lastKnownFileType = text.json.xcstrings; path = Localizable.xcstrings; sourceTree = "<group>"; };
		ED5170E42E26DB3B00E697CD /* SessionManager.swift */ = {isa = PBXFileReference; lastKnownFileType = sourcecode.swift; path = SessionManager.swift; sourceTree = "<group>"; };
		ED5170E62E26E24D00E697CD /* NavigationCoordinator.swift */ = {isa = PBXFileReference; lastKnownFileType = sourcecode.swift; path = NavigationCoordinator.swift; sourceTree = "<group>"; };
		ED5170E82E26E58B00E697CD /* Route.swift */ = {isa = PBXFileReference; lastKnownFileType = sourcecode.swift; path = Route.swift; sourceTree = "<group>"; };
		ED5170EA2E26EC3200E697CD /* RootView.swift */ = {isa = PBXFileReference; lastKnownFileType = sourcecode.swift; path = RootView.swift; sourceTree = "<group>"; };
		ED5170EC2E26F07D00E697CD /* SignInViewModel.swift */ = {isa = PBXFileReference; lastKnownFileType = sourcecode.swift; path = SignInViewModel.swift; sourceTree = "<group>"; };
		ED5170EE2E26F10400E697CD /* EventListView.swift */ = {isa = PBXFileReference; lastKnownFileType = sourcecode.swift; path = EventListView.swift; sourceTree = "<group>"; };
		ED5170F02E26F11F00E697CD /* EventListViewModel.swift */ = {isa = PBXFileReference; lastKnownFileType = sourcecode.swift; path = EventListViewModel.swift; sourceTree = "<group>"; };
		ED5170F22E26F1B700E697CD /* SignInView3.swift */ = {isa = PBXFileReference; lastKnownFileType = sourcecode.swift; path = SignInView3.swift; sourceTree = "<group>"; };
		ED86673B2E280DFB00D2CFFE /* DependencyContainer.swift */ = {isa = PBXFileReference; lastKnownFileType = sourcecode.swift; path = DependencyContainer.swift; sourceTree = "<group>"; };
		ED86673D2E298D9300D2CFFE /* GoogleService-Info.plist */ = {isa = PBXFileReference; fileEncoding = 4; lastKnownFileType = text.plist.xml; path = "GoogleService-Info.plist"; sourceTree = "<group>"; };
		ED8667402E29A28800D2CFFE /* Inter-Regular.ttf */ = {isa = PBXFileReference; lastKnownFileType = file; path = "Inter-Regular.ttf"; sourceTree = "<group>"; };
		ED8667422E29A29700D2CFFE /* Inter-SemiBold.ttf */ = {isa = PBXFileReference; lastKnownFileType = file; path = "Inter-SemiBold.ttf"; sourceTree = "<group>"; };
		ED8667472E2A70C700D2CFFE /* IconTextField.swift */ = {isa = PBXFileReference; lastKnownFileType = sourcecode.swift; path = IconTextField.swift; sourceTree = "<group>"; };
		ED8667492E2A714900D2CFFE /* AuthSymbols.swift */ = {isa = PBXFileReference; lastKnownFileType = sourcecode.swift; path = AuthSymbols.swift; sourceTree = "<group>"; };
		ED86674B2E2A71B300D2CFFE /* SecureToggleField.swift */ = {isa = PBXFileReference; lastKnownFileType = sourcecode.swift; path = SecureToggleField.swift; sourceTree = "<group>"; };
		ED86674D2E2A722F00D2CFFE /* BottomAuthPrompt.swift */ = {isa = PBXFileReference; lastKnownFileType = sourcecode.swift; path = BottomAuthPrompt.swift; sourceTree = "<group>"; };
		ED86674F2E2A727200D2CFFE /* AuthButtonLabel.swift */ = {isa = PBXFileReference; lastKnownFileType = sourcecode.swift; path = AuthButtonLabel.swift; sourceTree = "<group>"; };
		ED8667512E2A72BB00D2CFFE /* SignInView.swift */ = {isa = PBXFileReference; lastKnownFileType = sourcecode.swift; path = SignInView.swift; sourceTree = "<group>"; };
		ED8667532E2A776700D2CFFE /* SignUpView.swift */ = {isa = PBXFileReference; lastKnownFileType = sourcecode.swift; path = SignUpView.swift; sourceTree = "<group>"; };
		EDB552E02E2259370001B905 /* Eventorias2.app */ = {isa = PBXFileReference; explicitFileType = wrapper.application; includeInIndex = 0; path = Eventorias2.app; sourceTree = BUILT_PRODUCTS_DIR; };
		EDB552E32E2259370001B905 /* Eventorias2App.swift */ = {isa = PBXFileReference; lastKnownFileType = sourcecode.swift; path = Eventorias2App.swift; sourceTree = "<group>"; };
		EDB552E52E2259370001B905 /* MainView.swift */ = {isa = PBXFileReference; lastKnownFileType = sourcecode.swift; path = MainView.swift; sourceTree = "<group>"; };
		EDB552E72E22593A0001B905 /* Assets.xcassets */ = {isa = PBXFileReference; lastKnownFileType = folder.assetcatalog; path = Assets.xcassets; sourceTree = "<group>"; };
		EDB552EA2E22593A0001B905 /* Preview Assets.xcassets */ = {isa = PBXFileReference; lastKnownFileType = folder.assetcatalog; path = "Preview Assets.xcassets"; sourceTree = "<group>"; };
		EDB553252E2296740001B905 /* AppDelegate.swift */ = {isa = PBXFileReference; lastKnownFileType = sourcecode.swift; path = AppDelegate.swift; sourceTree = "<group>"; };
		EDB553272E2299750001B905 /* User.swift */ = {isa = PBXFileReference; lastKnownFileType = sourcecode.swift; path = User.swift; sourceTree = "<group>"; };
		EDB553302E22DF340001B905 /* AuthServiceProtocol.swift */ = {isa = PBXFileReference; lastKnownFileType = sourcecode.swift; path = AuthServiceProtocol.swift; sourceTree = "<group>"; };
		EDB553322E22E1B70001B905 /* UserProfileServiceProtocol.swift */ = {isa = PBXFileReference; lastKnownFileType = sourcecode.swift; path = UserProfileServiceProtocol.swift; sourceTree = "<group>"; };
		EDB553342E22E3BD0001B905 /* AuthService.swift */ = {isa = PBXFileReference; lastKnownFileType = sourcecode.swift; path = AuthService.swift; sourceTree = "<group>"; };
		EDB553362E22F7FC0001B905 /* UserProfileService.swift */ = {isa = PBXFileReference; lastKnownFileType = sourcecode.swift; path = UserProfileService.swift; sourceTree = "<group>"; };
/* End PBXFileReference section */

/* Begin PBXFrameworksBuildPhase section */
		EDB552DD2E2259370001B905 /* Frameworks */ = {
			isa = PBXFrameworksBuildPhase;
			buildActionMask = 2147483647;
			files = (
				EDB5532B2E229AC10001B905 /* FirebaseAuth in Frameworks */,
				EDB5532F2E229AC10001B905 /* FirebaseFirestore in Frameworks */,
				ED5170D42E26B5B100E697CD /* FirebaseStorage in Frameworks */,
			);
			runOnlyForDeploymentPostprocessing = 0;
		};
/* End PBXFrameworksBuildPhase section */

/* Begin PBXGroup section */
		ED5170D72E26B73000E697CD /* Utilities */ = {
			isa = PBXGroup;
			children = (
				ED45DE372E256F2500ED55E6 /* AuthErrors.swift */,
				ED8667492E2A714900D2CFFE /* AuthSymbols.swift */,
			);
			path = Utilities;
			sourceTree = "<group>";
		};
		ED5170DA2E26BD6900E697CD /* Extensions */ = {
			isa = PBXGroup;
			children = (
				ED5170DB2E26BD8F00E697CD /* String+Validation.swift */,
			);
			path = Extensions;
			sourceTree = "<group>";
		};
		ED5170E32E26DB2900E697CD /* Session */ = {
			isa = PBXGroup;
			children = (
				ED5170E42E26DB3B00E697CD /* SessionManager.swift */,
			);
			path = Session;
			sourceTree = "<group>";
		};
		ED8667392E280DAD00D2CFFE /* DependencyContainer */ = {
			isa = PBXGroup;
			children = (
				ED86673B2E280DFB00D2CFFE /* DependencyContainer.swift */,
			);
			path = DependencyContainer;
			sourceTree = "<group>";
		};
		ED86673F2E29A26D00D2CFFE /* Font */ = {
			isa = PBXGroup;
			children = (
				ED8667422E29A29700D2CFFE /* Inter-SemiBold.ttf */,
				ED8667402E29A28800D2CFFE /* Inter-Regular.ttf */,
			);
			path = Font;
			sourceTree = "<group>";
		};
		ED8667442E2A709500D2CFFE /* SingIn */ = {
			isa = PBXGroup;
			children = (
				ED8667512E2A72BB00D2CFFE /* SignInView.swift */,
			);
			path = SingIn;
			sourceTree = "<group>";
		};
		ED8667452E2A70A200D2CFFE /* SignUp */ = {
			isa = PBXGroup;
			children = (
				ED8667532E2A776700D2CFFE /* SignUpView.swift */,
			);
			path = SignUp;
			sourceTree = "<group>";
		};
		ED8667462E2A70B700D2CFFE /* Components */ = {
			isa = PBXGroup;
			children = (
				ED8667472E2A70C700D2CFFE /* IconTextField.swift */,
				ED86674B2E2A71B300D2CFFE /* SecureToggleField.swift */,
				ED86674D2E2A722F00D2CFFE /* BottomAuthPrompt.swift */,
				ED86674F2E2A727200D2CFFE /* AuthButtonLabel.swift */,
			);
			path = Components;
			sourceTree = "<group>";
		};
		EDB552D72E2259370001B905 = {
			isa = PBXGroup;
			children = (
				EDB552E22E2259370001B905 /* Eventorias2 */,
				EDB552E12E2259370001B905 /* Products */,
				EDB553292E229AC10001B905 /* Frameworks */,
			);
			sourceTree = "<group>";
		};
		EDB552E12E2259370001B905 /* Products */ = {
			isa = PBXGroup;
			children = (
				EDB552E02E2259370001B905 /* Eventorias2.app */,
			);
			name = Products;
			sourceTree = "<group>";
		};
		EDB552E22E2259370001B905 /* Eventorias2 */ = {
			isa = PBXGroup;
			children = (
				EDB552F72E22814B0001B905 /* Sources */,
				EDB552F32E227E110001B905 /* Tests */,
				EDB552F42E227E180001B905 /* Ressources */,
				EDB552E72E22593A0001B905 /* Assets.xcassets */,
				EDB552E92E22593A0001B905 /* Preview Content */,
			);
			path = Eventorias2;
			sourceTree = "<group>";
		};
		EDB552E92E22593A0001B905 /* Preview Content */ = {
			isa = PBXGroup;
			children = (
				EDB552EA2E22593A0001B905 /* Preview Assets.xcassets */,
			);
			path = "Preview Content";
			sourceTree = "<group>";
		};
		EDB552F12E227DF90001B905 /* App */ = {
			isa = PBXGroup;
			children = (
				EDB552E32E2259370001B905 /* Eventorias2App.swift */,
				EDB553252E2296740001B905 /* AppDelegate.swift */,
			);
			path = App;
			sourceTree = "<group>";
		};
		EDB552F32E227E110001B905 /* Tests */ = {
			isa = PBXGroup;
			children = (
			);
			path = Tests;
			sourceTree = "<group>";
		};
		EDB552F42E227E180001B905 /* Ressources */ = {
			isa = PBXGroup;
			children = (
				ED86673F2E29A26D00D2CFFE /* Font */,
				ED86673D2E298D9300D2CFFE /* GoogleService-Info.plist */,
				ED5170E12E26DAA500E697CD /* Localizable.xcstrings */,
			);
			path = Ressources;
			sourceTree = "<group>";
		};
		EDB552F52E227E210001B905 /* Features */ = {
			isa = PBXGroup;
			children = (
				EDB552E52E2259370001B905 /* MainView.swift */,
				EDB552FA2E22820D0001B905 /* Authentication */,
				EDB552FD2E22823D0001B905 /* Events */,
				EDB552FC2E2282320001B905 /* Notifications */,
				EDB552FB2E2282230001B905 /* Sharing */,
			);
			path = Features;
			sourceTree = "<group>";
		};
		EDB552F62E227E2E0001B905 /* Core */ = {
			isa = PBXGroup;
			children = (
				EDB553122E2284080001B905 /* Models */,
				EDB553112E2284030001B905 /* Services */,
				EDB553102E2283F30001B905 /* Extensions */,
				EDB5530F2E2283E70001B905 /* Utilities */,
				EDB5530E2E2283E20001B905 /* Constants */,
			);
			path = Core;
			sourceTree = "<group>";
		};
		EDB552F72E22814B0001B905 /* Sources */ = {
			isa = PBXGroup;
			children = (
				EDB552F12E227DF90001B905 /* App */,
				ED8667392E280DAD00D2CFFE /* DependencyContainer */,
				EDB552F52E227E210001B905 /* Features */,
				EDB552F62E227E2E0001B905 /* Core */,
				EDB552F82E22815F0001B905 /* Navigation */,
				EDB552F92E2281650001B905 /* UI */,
			);
			path = Sources;
			sourceTree = "<group>";
		};
		EDB552F82E22815F0001B905 /* Navigation */ = {
			isa = PBXGroup;
			children = (
				EDB553142E2284760001B905 /* Coordinators */,
				EDB553132E2284690001B905 /* NavigationModels */,
				ED5170EA2E26EC3200E697CD /* RootView.swift */,
			);
			path = Navigation;
			sourceTree = "<group>";
		};
		EDB552F92E2281650001B905 /* UI */ = {
			isa = PBXGroup;
			children = (
				EDB553172E2284A20001B905 /* Components */,
				EDB553162E22849B0001B905 /* Themes */,
				EDB553152E2284850001B905 /* Accessibility */,
			);
			path = UI;
			sourceTree = "<group>";
		};
		EDB552FA2E22820D0001B905 /* Authentication */ = {
			isa = PBXGroup;
			children = (
				ED5170DA2E26BD6900E697CD /* Extensions */,
				ED5170D72E26B73000E697CD /* Utilities */,
				EDB552FE2E22825E0001B905 /* Models */,
				EDB553002E2282A70001B905 /* Views */,
				EDB552FF2E2282730001B905 /* ViewModels */,
				EDB553012E2282B10001B905 /* Services */,
			);
			path = Authentication;
			sourceTree = "<group>";
		};
		EDB552FB2E2282230001B905 /* Sharing */ = {
			isa = PBXGroup;
			children = (
				EDB5530D2E2283780001B905 /* Models */,
				EDB5530C2E2283740001B905 /* Views */,
				EDB5530B2E22836D0001B905 /* ViewModels */,
				EDB5530A2E2283670001B905 /* Services */,
			);
			path = Sharing;
			sourceTree = "<group>";
		};
		EDB552FC2E2282320001B905 /* Notifications */ = {
			isa = PBXGroup;
			children = (
				EDB553092E2283550001B905 /* Models */,
				EDB553082E2283510001B905 /* Views */,
				EDB553072E2283490001B905 /* ViewModels */,
				EDB553062E2283440001B905 /* Services */,
			);
			path = Notifications;
			sourceTree = "<group>";
		};
		EDB552FD2E22823D0001B905 /* Events */ = {
			isa = PBXGroup;
			children = (
				EDB553052E2283390001B905 /* Models */,
				EDB553042E2283340001B905 /* Views */,
				EDB553032E22832B0001B905 /* ViewModel */,
				EDB553022E2283230001B905 /* Services */,
			);
			path = Events;
			sourceTree = "<group>";
		};
		EDB552FE2E22825E0001B905 /* Models */ = {
			isa = PBXGroup;
			children = (
				EDB553272E2299750001B905 /* User.swift */,
			);
			path = Models;
			sourceTree = "<group>";
		};
		EDB552FF2E2282730001B905 /* ViewModels */ = {
			isa = PBXGroup;
			children = (
				ED5170D82E26BD2600E697CD /* SignUpViewModel.swift */,
				ED5170EC2E26F07D00E697CD /* SignInViewModel.swift */,
			);
			path = ViewModels;
			sourceTree = "<group>";
		};
		EDB553002E2282A70001B905 /* Views */ = {
			isa = PBXGroup;
			children = (
				ED8667462E2A70B700D2CFFE /* Components */,
				ED8667442E2A709500D2CFFE /* SingIn */,
				ED8667452E2A70A200D2CFFE /* SignUp */,
				ED5170DF2E26D43000E697CD /* SignUpView3.swift */,
				ED5170F22E26F1B700E697CD /* SignInView3.swift */,
			);
			path = Views;
			sourceTree = "<group>";
		};
		EDB553012E2282B10001B905 /* Services */ = {
			isa = PBXGroup;
			children = (
				EDB553342E22E3BD0001B905 /* AuthService.swift */,
				EDB553302E22DF340001B905 /* AuthServiceProtocol.swift */,
				EDB553362E22F7FC0001B905 /* UserProfileService.swift */,
				EDB553322E22E1B70001B905 /* UserProfileServiceProtocol.swift */,
				ED5170E32E26DB2900E697CD /* Session */,
			);
			path = Services;
			sourceTree = "<group>";
		};
		EDB553022E2283230001B905 /* Services */ = {
			isa = PBXGroup;
			children = (
			);
			path = Services;
			sourceTree = "<group>";
		};
		EDB553032E22832B0001B905 /* ViewModel */ = {
			isa = PBXGroup;
			children = (
				ED5170F02E26F11F00E697CD /* EventListViewModel.swift */,
			);
			path = ViewModel;
			sourceTree = "<group>";
		};
		EDB553042E2283340001B905 /* Views */ = {
			isa = PBXGroup;
			children = (
				ED5170EE2E26F10400E697CD /* EventListView.swift */,
			);
			path = Views;
			sourceTree = "<group>";
		};
		EDB553052E2283390001B905 /* Models */ = {
			isa = PBXGroup;
			children = (
			);
			path = Models;
			sourceTree = "<group>";
		};
		EDB553062E2283440001B905 /* Services */ = {
			isa = PBXGroup;
			children = (
			);
			path = Services;
			sourceTree = "<group>";
		};
		EDB553072E2283490001B905 /* ViewModels */ = {
			isa = PBXGroup;
			children = (
			);
			path = ViewModels;
			sourceTree = "<group>";
		};
		EDB553082E2283510001B905 /* Views */ = {
			isa = PBXGroup;
			children = (
			);
			path = Views;
			sourceTree = "<group>";
		};
		EDB553092E2283550001B905 /* Models */ = {
			isa = PBXGroup;
			children = (
			);
			path = Models;
			sourceTree = "<group>";
		};
		EDB5530A2E2283670001B905 /* Services */ = {
			isa = PBXGroup;
			children = (
			);
			path = Services;
			sourceTree = "<group>";
		};
		EDB5530B2E22836D0001B905 /* ViewModels */ = {
			isa = PBXGroup;
			children = (
			);
			path = ViewModels;
			sourceTree = "<group>";
		};
		EDB5530C2E2283740001B905 /* Views */ = {
			isa = PBXGroup;
			children = (
			);
			path = Views;
			sourceTree = "<group>";
		};
		EDB5530D2E2283780001B905 /* Models */ = {
			isa = PBXGroup;
			children = (
			);
			path = Models;
			sourceTree = "<group>";
		};
		EDB5530E2E2283E20001B905 /* Constants */ = {
			isa = PBXGroup;
			children = (
			);
			path = Constants;
			sourceTree = "<group>";
		};
		EDB5530F2E2283E70001B905 /* Utilities */ = {
			isa = PBXGroup;
			children = (
			);
			path = Utilities;
			sourceTree = "<group>";
		};
		EDB553102E2283F30001B905 /* Extensions */ = {
			isa = PBXGroup;
			children = (
				ED5170DD2E26BDE000E697CD /* Color+Extension.swift */,
			);
			path = Extensions;
			sourceTree = "<group>";
		};
		EDB553112E2284030001B905 /* Services */ = {
			isa = PBXGroup;
			children = (
			);
			path = Services;
			sourceTree = "<group>";
		};
		EDB553122E2284080001B905 /* Models */ = {
			isa = PBXGroup;
			children = (
			);
			path = Models;
			sourceTree = "<group>";
		};
		EDB553132E2284690001B905 /* NavigationModels */ = {
			isa = PBXGroup;
			children = (
				ED5170E82E26E58B00E697CD /* Route.swift */,
			);
			path = NavigationModels;
			sourceTree = "<group>";
		};
		EDB553142E2284760001B905 /* Coordinators */ = {
			isa = PBXGroup;
			children = (
				ED5170E62E26E24D00E697CD /* NavigationCoordinator.swift */,
			);
			path = Coordinators;
			sourceTree = "<group>";
		};
		EDB553152E2284850001B905 /* Accessibility */ = {
			isa = PBXGroup;
			children = (
			);
			path = Accessibility;
			sourceTree = "<group>";
		};
		EDB553162E22849B0001B905 /* Themes */ = {
			isa = PBXGroup;
			children = (
			);
			path = Themes;
			sourceTree = "<group>";
		};
		EDB553172E2284A20001B905 /* Components */ = {
			isa = PBXGroup;
			children = (
			);
			path = Components;
			sourceTree = "<group>";
		};
		EDB553292E229AC10001B905 /* Frameworks */ = {
			isa = PBXGroup;
			children = (
			);
			name = Frameworks;
			sourceTree = "<group>";
		};
/* End PBXGroup section */

/* Begin PBXNativeTarget section */
		EDB552DF2E2259370001B905 /* Eventorias2 */ = {
			isa = PBXNativeTarget;
			buildConfigurationList = EDB552EE2E22593A0001B905 /* Build configuration list for PBXNativeTarget "Eventorias2" */;
			buildPhases = (
				EDB552DC2E2259370001B905 /* Sources */,
				EDB552DD2E2259370001B905 /* Frameworks */,
				EDB552DE2E2259370001B905 /* Resources */,
			);
			buildRules = (
			);
			dependencies = (
			);
			name = Eventorias2;
			packageProductDependencies = (
				EDB5532A2E229AC10001B905 /* FirebaseAuth */,
				EDB5532E2E229AC10001B905 /* FirebaseFirestore */,
				ED5170D32E26B5B100E697CD /* FirebaseStorage */,
			);
			productName = Eventorias2;
			productReference = EDB552E02E2259370001B905 /* Eventorias2.app */;
			productType = "com.apple.product-type.application";
		};
/* End PBXNativeTarget section */

/* Begin PBXProject section */
		EDB552D82E2259370001B905 /* Project object */ = {
			isa = PBXProject;
			attributes = {
				BuildIndependentTargetsInParallel = 1;
				LastSwiftUpdateCheck = 1520;
				LastUpgradeCheck = 1520;
				TargetAttributes = {
					EDB552DF2E2259370001B905 = {
						CreatedOnToolsVersion = 15.2;
					};
				};
			};
			buildConfigurationList = EDB552DB2E2259370001B905 /* Build configuration list for PBXProject "Eventorias2" */;
			compatibilityVersion = "Xcode 14.0";
			developmentRegion = en;
			hasScannedForEncodings = 0;
			knownRegions = (
				en,
				Base,
			);
			mainGroup = EDB552D72E2259370001B905;
			packageReferences = (
				EDB5531A2E228CAA0001B905 /* XCRemoteSwiftPackageReference "firebase-ios-sdk" */,
			);
			productRefGroup = EDB552E12E2259370001B905 /* Products */;
			projectDirPath = "";
			projectRoot = "";
			targets = (
				EDB552DF2E2259370001B905 /* Eventorias2 */,
			);
		};
/* End PBXProject section */

/* Begin PBXResourcesBuildPhase section */
		EDB552DE2E2259370001B905 /* Resources */ = {
			isa = PBXResourcesBuildPhase;
			buildActionMask = 2147483647;
			files = (
				ED8667432E29A29700D2CFFE /* Inter-SemiBold.ttf in Resources */,
				EDB552EB2E22593A0001B905 /* Preview Assets.xcassets in Resources */,
				ED8667412E29A28800D2CFFE /* Inter-Regular.ttf in Resources */,
				ED86673E2E298D9300D2CFFE /* GoogleService-Info.plist in Resources */,
				ED5170E22E26DAA500E697CD /* Localizable.xcstrings in Resources */,
				EDB552E82E22593A0001B905 /* Assets.xcassets in Resources */,
			);
			runOnlyForDeploymentPostprocessing = 0;
		};
/* End PBXResourcesBuildPhase section */

/* Begin PBXSourcesBuildPhase section */
		EDB552DC2E2259370001B905 /* Sources */ = {
			isa = PBXSourcesBuildPhase;
			buildActionMask = 2147483647;
			files = (
				ED86674E2E2A722F00D2CFFE /* BottomAuthPrompt.swift in Sources */,
				EDB553282E2299750001B905 /* User.swift in Sources */,
				EDB553262E2296740001B905 /* AppDelegate.swift in Sources */,
				ED5170D92E26BD2600E697CD /* SignUpViewModel.swift in Sources */,
				ED5170EB2E26EC3200E697CD /* RootView.swift in Sources */,
				ED5170DC2E26BD8F00E697CD /* String+Validation.swift in Sources */,
				EDB553332E22E1B70001B905 /* UserProfileServiceProtocol.swift in Sources */,
				EDB552E62E2259370001B905 /* MainView.swift in Sources */,
				ED8667542E2A776700D2CFFE /* SignUpView.swift in Sources */,
				ED86674A2E2A714900D2CFFE /* AuthSymbols.swift in Sources */,
				ED86674C2E2A71B300D2CFFE /* SecureToggleField.swift in Sources */,
				ED5170E52E26DB3B00E697CD /* SessionManager.swift in Sources */,
				ED5170EF2E26F10400E697CD /* EventListView.swift in Sources */,
				EDB553372E22F7FC0001B905 /* UserProfileService.swift in Sources */,
				ED5170DE2E26BDE000E697CD /* Color+Extension.swift in Sources */,
				ED5170E02E26D43000E697CD /* SignUpView3.swift in Sources */,
				ED8667482E2A70C700D2CFFE /* IconTextField.swift in Sources */,
				EDB553312E22DF340001B905 /* AuthServiceProtocol.swift in Sources */,
				ED8667522E2A72BB00D2CFFE /* SignInView.swift in Sources */,
				ED8667502E2A727200D2CFFE /* AuthButtonLabel.swift in Sources */,
				ED5170E92E26E58B00E697CD /* Route.swift in Sources */,
				EDB552E42E2259370001B905 /* Eventorias2App.swift in Sources */,
				ED5170F32E26F1B700E697CD /* SignInView3.swift in Sources */,
				ED86673C2E280DFB00D2CFFE /* DependencyContainer.swift in Sources */,
				ED5170ED2E26F07D00E697CD /* SignInViewModel.swift in Sources */,
				ED45DE382E256F2500ED55E6 /* AuthErrors.swift in Sources */,
				ED5170F12E26F11F00E697CD /* EventListViewModel.swift in Sources */,
				ED5170E72E26E24D00E697CD /* NavigationCoordinator.swift in Sources */,
				EDB553352E22E3BD0001B905 /* AuthService.swift in Sources */,
			);
			runOnlyForDeploymentPostprocessing = 0;
		};
/* End PBXSourcesBuildPhase section */

/* Begin XCBuildConfiguration section */
		EDB552EC2E22593A0001B905 /* Debug */ = {
			isa = XCBuildConfiguration;
			buildSettings = {
				ALWAYS_SEARCH_USER_PATHS = NO;
				ASSETCATALOG_COMPILER_GENERATE_SWIFT_ASSET_SYMBOL_EXTENSIONS = YES;
				CLANG_ANALYZER_NONNULL = YES;
				CLANG_ANALYZER_NUMBER_OBJECT_CONVERSION = YES_AGGRESSIVE;
				CLANG_CXX_LANGUAGE_STANDARD = "gnu++20";
				CLANG_ENABLE_MODULES = YES;
				CLANG_ENABLE_OBJC_ARC = YES;
				CLANG_ENABLE_OBJC_WEAK = YES;
				CLANG_WARN_BLOCK_CAPTURE_AUTORELEASING = YES;
				CLANG_WARN_BOOL_CONVERSION = YES;
				CLANG_WARN_COMMA = YES;
				CLANG_WARN_CONSTANT_CONVERSION = YES;
				CLANG_WARN_DEPRECATED_OBJC_IMPLEMENTATIONS = YES;
				CLANG_WARN_DIRECT_OBJC_ISA_USAGE = YES_ERROR;
				CLANG_WARN_DOCUMENTATION_COMMENTS = YES;
				CLANG_WARN_EMPTY_BODY = YES;
				CLANG_WARN_ENUM_CONVERSION = YES;
				CLANG_WARN_INFINITE_RECURSION = YES;
				CLANG_WARN_INT_CONVERSION = YES;
				CLANG_WARN_NON_LITERAL_NULL_CONVERSION = YES;
				CLANG_WARN_OBJC_IMPLICIT_RETAIN_SELF = YES;
				CLANG_WARN_OBJC_LITERAL_CONVERSION = YES;
				CLANG_WARN_OBJC_ROOT_CLASS = YES_ERROR;
				CLANG_WARN_QUOTED_INCLUDE_IN_FRAMEWORK_HEADER = YES;
				CLANG_WARN_RANGE_LOOP_ANALYSIS = YES;
				CLANG_WARN_STRICT_PROTOTYPES = YES;
				CLANG_WARN_SUSPICIOUS_MOVE = YES;
				CLANG_WARN_UNGUARDED_AVAILABILITY = YES_AGGRESSIVE;
				CLANG_WARN_UNREACHABLE_CODE = YES;
				CLANG_WARN__DUPLICATE_METHOD_MATCH = YES;
				COPY_PHASE_STRIP = NO;
				DEBUG_INFORMATION_FORMAT = dwarf;
				ENABLE_STRICT_OBJC_MSGSEND = YES;
				ENABLE_TESTABILITY = YES;
				ENABLE_USER_SCRIPT_SANDBOXING = YES;
				GCC_C_LANGUAGE_STANDARD = gnu17;
				GCC_DYNAMIC_NO_PIC = NO;
				GCC_NO_COMMON_BLOCKS = YES;
				GCC_OPTIMIZATION_LEVEL = 0;
				GCC_PREPROCESSOR_DEFINITIONS = (
					"DEBUG=1",
					"$(inherited)",
				);
				GCC_WARN_64_TO_32_BIT_CONVERSION = YES;
				GCC_WARN_ABOUT_RETURN_TYPE = YES_ERROR;
				GCC_WARN_UNDECLARED_SELECTOR = YES;
				GCC_WARN_UNINITIALIZED_AUTOS = YES_AGGRESSIVE;
				GCC_WARN_UNUSED_FUNCTION = YES;
				GCC_WARN_UNUSED_VARIABLE = YES;
				IPHONEOS_DEPLOYMENT_TARGET = 17.2;
				LOCALIZATION_PREFERS_STRING_CATALOGS = YES;
				MTL_ENABLE_DEBUG_INFO = INCLUDE_SOURCE;
				MTL_FAST_MATH = YES;
				ONLY_ACTIVE_ARCH = YES;
				SDKROOT = iphoneos;
				SWIFT_ACTIVE_COMPILATION_CONDITIONS = "DEBUG $(inherited)";
				SWIFT_OPTIMIZATION_LEVEL = "-Onone";
			};
			name = Debug;
		};
		EDB552ED2E22593A0001B905 /* Release */ = {
			isa = XCBuildConfiguration;
			buildSettings = {
				ALWAYS_SEARCH_USER_PATHS = NO;
				ASSETCATALOG_COMPILER_GENERATE_SWIFT_ASSET_SYMBOL_EXTENSIONS = YES;
				CLANG_ANALYZER_NONNULL = YES;
				CLANG_ANALYZER_NUMBER_OBJECT_CONVERSION = YES_AGGRESSIVE;
				CLANG_CXX_LANGUAGE_STANDARD = "gnu++20";
				CLANG_ENABLE_MODULES = YES;
				CLANG_ENABLE_OBJC_ARC = YES;
				CLANG_ENABLE_OBJC_WEAK = YES;
				CLANG_WARN_BLOCK_CAPTURE_AUTORELEASING = YES;
				CLANG_WARN_BOOL_CONVERSION = YES;
				CLANG_WARN_COMMA = YES;
				CLANG_WARN_CONSTANT_CONVERSION = YES;
				CLANG_WARN_DEPRECATED_OBJC_IMPLEMENTATIONS = YES;
				CLANG_WARN_DIRECT_OBJC_ISA_USAGE = YES_ERROR;
				CLANG_WARN_DOCUMENTATION_COMMENTS = YES;
				CLANG_WARN_EMPTY_BODY = YES;
				CLANG_WARN_ENUM_CONVERSION = YES;
				CLANG_WARN_INFINITE_RECURSION = YES;
				CLANG_WARN_INT_CONVERSION = YES;
				CLANG_WARN_NON_LITERAL_NULL_CONVERSION = YES;
				CLANG_WARN_OBJC_IMPLICIT_RETAIN_SELF = YES;
				CLANG_WARN_OBJC_LITERAL_CONVERSION = YES;
				CLANG_WARN_OBJC_ROOT_CLASS = YES_ERROR;
				CLANG_WARN_QUOTED_INCLUDE_IN_FRAMEWORK_HEADER = YES;
				CLANG_WARN_RANGE_LOOP_ANALYSIS = YES;
				CLANG_WARN_STRICT_PROTOTYPES = YES;
				CLANG_WARN_SUSPICIOUS_MOVE = YES;
				CLANG_WARN_UNGUARDED_AVAILABILITY = YES_AGGRESSIVE;
				CLANG_WARN_UNREACHABLE_CODE = YES;
				CLANG_WARN__DUPLICATE_METHOD_MATCH = YES;
				COPY_PHASE_STRIP = NO;
				DEBUG_INFORMATION_FORMAT = "dwarf-with-dsym";
				ENABLE_NS_ASSERTIONS = NO;
				ENABLE_STRICT_OBJC_MSGSEND = YES;
				ENABLE_USER_SCRIPT_SANDBOXING = YES;
				GCC_C_LANGUAGE_STANDARD = gnu17;
				GCC_NO_COMMON_BLOCKS = YES;
				GCC_WARN_64_TO_32_BIT_CONVERSION = YES;
				GCC_WARN_ABOUT_RETURN_TYPE = YES_ERROR;
				GCC_WARN_UNDECLARED_SELECTOR = YES;
				GCC_WARN_UNINITIALIZED_AUTOS = YES_AGGRESSIVE;
				GCC_WARN_UNUSED_FUNCTION = YES;
				GCC_WARN_UNUSED_VARIABLE = YES;
				IPHONEOS_DEPLOYMENT_TARGET = 17.2;
				LOCALIZATION_PREFERS_STRING_CATALOGS = YES;
				MTL_ENABLE_DEBUG_INFO = NO;
				MTL_FAST_MATH = YES;
				SDKROOT = iphoneos;
				SWIFT_COMPILATION_MODE = wholemodule;
				VALIDATE_PRODUCT = YES;
			};
			name = Release;
		};
		EDB552EF2E22593A0001B905 /* Debug */ = {
			isa = XCBuildConfiguration;
			buildSettings = {
				ASSETCATALOG_COMPILER_APPICON_NAME = AppIcon;
				ASSETCATALOG_COMPILER_GLOBAL_ACCENT_COLOR_NAME = AccentColor;
				CODE_SIGN_STYLE = Automatic;
				CURRENT_PROJECT_VERSION = 1;
				DEVELOPMENT_ASSET_PATHS = "\"Eventorias2/Preview Content\"";
				DEVELOPMENT_TEAM = YB7MLZ84DZ;
				ENABLE_PREVIEWS = YES;
				GENERATE_INFOPLIST_FILE = YES;
				INFOPLIST_KEY_UIApplicationSceneManifest_Generation = YES;
				INFOPLIST_KEY_UIApplicationSupportsIndirectInputEvents = YES;
				INFOPLIST_KEY_UILaunchScreen_Generation = YES;
				INFOPLIST_KEY_UISupportedInterfaceOrientations_iPad = "UIInterfaceOrientationPortrait UIInterfaceOrientationPortraitUpsideDown UIInterfaceOrientationLandscapeLeft UIInterfaceOrientationLandscapeRight";
				INFOPLIST_KEY_UISupportedInterfaceOrientations_iPhone = "UIInterfaceOrientationPortrait UIInterfaceOrientationLandscapeLeft UIInterfaceOrientationLandscapeRight";
				LD_RUNPATH_SEARCH_PATHS = (
					"$(inherited)",
					"@executable_path/Frameworks",
				);
				MARKETING_VERSION = 1.0;
				PRODUCT_BUNDLE_IDENTIFIER = alassane.der.Eventorias2;
				PRODUCT_NAME = "$(TARGET_NAME)";
				SUPPORTED_PLATFORMS = "iphoneos iphonesimulator";
				SUPPORTS_MACCATALYST = NO;
				SUPPORTS_MAC_DESIGNED_FOR_IPHONE_IPAD = NO;
				SUPPORTS_XR_DESIGNED_FOR_IPHONE_IPAD = NO;
				SWIFT_EMIT_LOC_STRINGS = YES;
				SWIFT_VERSION = 5.0;
				TARGETED_DEVICE_FAMILY = "1,2";
			};
			name = Debug;
		};
		EDB552F02E22593A0001B905 /* Release */ = {
			isa = XCBuildConfiguration;
			buildSettings = {
				ASSETCATALOG_COMPILER_APPICON_NAME = AppIcon;
				ASSETCATALOG_COMPILER_GLOBAL_ACCENT_COLOR_NAME = AccentColor;
				CODE_SIGN_STYLE = Automatic;
				CURRENT_PROJECT_VERSION = 1;
				DEVELOPMENT_ASSET_PATHS = "\"Eventorias2/Preview Content\"";
				DEVELOPMENT_TEAM = YB7MLZ84DZ;
				ENABLE_PREVIEWS = YES;
				GENERATE_INFOPLIST_FILE = YES;
				INFOPLIST_KEY_UIApplicationSceneManifest_Generation = YES;
				INFOPLIST_KEY_UIApplicationSupportsIndirectInputEvents = YES;
				INFOPLIST_KEY_UILaunchScreen_Generation = YES;
				INFOPLIST_KEY_UISupportedInterfaceOrientations_iPad = "UIInterfaceOrientationPortrait UIInterfaceOrientationPortraitUpsideDown UIInterfaceOrientationLandscapeLeft UIInterfaceOrientationLandscapeRight";
				INFOPLIST_KEY_UISupportedInterfaceOrientations_iPhone = "UIInterfaceOrientationPortrait UIInterfaceOrientationLandscapeLeft UIInterfaceOrientationLandscapeRight";
				LD_RUNPATH_SEARCH_PATHS = (
					"$(inherited)",
					"@executable_path/Frameworks",
				);
				MARKETING_VERSION = 1.0;
				PRODUCT_BUNDLE_IDENTIFIER = alassane.der.Eventorias2;
				PRODUCT_NAME = "$(TARGET_NAME)";
				SUPPORTED_PLATFORMS = "iphoneos iphonesimulator";
				SUPPORTS_MACCATALYST = NO;
				SUPPORTS_MAC_DESIGNED_FOR_IPHONE_IPAD = NO;
				SUPPORTS_XR_DESIGNED_FOR_IPHONE_IPAD = NO;
				SWIFT_EMIT_LOC_STRINGS = YES;
				SWIFT_VERSION = 5.0;
				TARGETED_DEVICE_FAMILY = "1,2";
			};
			name = Release;
		};
/* End XCBuildConfiguration section */

/* Begin XCConfigurationList section */
		EDB552DB2E2259370001B905 /* Build configuration list for PBXProject "Eventorias2" */ = {
			isa = XCConfigurationList;
			buildConfigurations = (
				EDB552EC2E22593A0001B905 /* Debug */,
				EDB552ED2E22593A0001B905 /* Release */,
			);
			defaultConfigurationIsVisible = 0;
			defaultConfigurationName = Release;
		};
		EDB552EE2E22593A0001B905 /* Build configuration list for PBXNativeTarget "Eventorias2" */ = {
			isa = XCConfigurationList;
			buildConfigurations = (
				EDB552EF2E22593A0001B905 /* Debug */,
				EDB552F02E22593A0001B905 /* Release */,
			);
			defaultConfigurationIsVisible = 0;
			defaultConfigurationName = Release;
		};
/* End XCConfigurationList section */

/* Begin XCRemoteSwiftPackageReference section */
		EDB5531A2E228CAA0001B905 /* XCRemoteSwiftPackageReference "firebase-ios-sdk" */ = {
			isa = XCRemoteSwiftPackageReference;
			repositoryURL = "https://github.com/firebase/firebase-ios-sdk.git";
			requirement = {
				kind = exactVersion;
				version = 11.10.0;
			};
		};
/* End XCRemoteSwiftPackageReference section */

/* Begin XCSwiftPackageProductDependency section */
		ED5170D32E26B5B100E697CD /* FirebaseStorage */ = {
			isa = XCSwiftPackageProductDependency;
			package = EDB5531A2E228CAA0001B905 /* XCRemoteSwiftPackageReference "firebase-ios-sdk" */;
			productName = FirebaseStorage;
		};
		EDB5532A2E229AC10001B905 /* FirebaseAuth */ = {
			isa = XCSwiftPackageProductDependency;
			package = EDB5531A2E228CAA0001B905 /* XCRemoteSwiftPackageReference "firebase-ios-sdk" */;
			productName = FirebaseAuth;
		};
		EDB5532E2E229AC10001B905 /* FirebaseFirestore */ = {
			isa = XCSwiftPackageProductDependency;
			package = EDB5531A2E228CAA0001B905 /* XCRemoteSwiftPackageReference "firebase-ios-sdk" */;
			productName = FirebaseFirestore;
		};
/* End XCSwiftPackageProductDependency section */
	};
	rootObject = EDB552D82E2259370001B905 /* Project object */;
}
